
Microsoft Visual Studio Solution File, Format Version 12.00
# Visual Studio Version 16
VisualStudioVersion = 16.0.29009.5
MinimumVisualStudioVersion = 10.0.40219.1
Project("{F184B08F-C81C-45F6-A57F-5ABD9991F28F}") = "ConsoleApp1", "ConsoleApp1.vbproj", "{B0E26D00-BFBE-45AD-ACEF-443135E66575}"
EndProject
Global
	GlobalSection(SolutionConfigurationPlatforms) = preSolution
		Debug|Any CPU = Debug|Any CPU
		Release|Any CPU = Release|Any CPU
	EndGlobalSection
	GlobalSection(ProjectConfigurationPlatforms) = postSolution
		{B0E26D00-BFBE-45AD-ACEF-443135E66575}.Debug|Any CPU.ActiveCfg = Debug|Any CPU
		{B0E26D00-BFBE-45AD-ACEF-443135E66575}.Debug|Any CPU.Build.0 = Debug|Any CPU
		{B0E26D00-BFBE-45AD-ACEF-443135E66575}.Release|Any CPU.ActiveCfg = Release|Any CPU
		{B0E26D00-BFBE-45AD-ACEF-443135E66575}.Release|Any CPU.Build.0 = Release|Any CPU
	EndGlobalSection
	GlobalSection(SolutionProperties) = preSolution
		HideSolutionNode = FALSE
	EndGlobalSection
	GlobalSection(ExtensibilityGlobals) = postSolution
		SolutionGuid = {9CB3F076-F6D1-49F8-B49C-8111525F1A5B}
	EndGlobalSection
EndGlobal
