
Microsoft Visual Studio Solution File, Format Version 12.00
# Visual Studio Version 16
VisualStudioVersion = 16.0.29009.5
MinimumVisualStudioVersion = 10.0.40219.1
Project("{F184B08F-C81C-45F6-A57F-5ABD9991F28F}") = "ConsoleApp2", "ConsoleApp2.vbproj", "{963831BB-132A-468F-8FBB-33AB1D1C874C}"
EndProject
Global
	GlobalSection(SolutionConfigurationPlatforms) = preSolution
		Debug|Any CPU = Debug|Any CPU
		Release|Any CPU = Release|Any CPU
	EndGlobalSection
	GlobalSection(ProjectConfigurationPlatforms) = postSolution
		{963831BB-132A-468F-8FBB-33AB1D1C874C}.Debug|Any CPU.ActiveCfg = Debug|Any CPU
		{963831BB-132A-468F-8FBB-33AB1D1C874C}.Debug|Any CPU.Build.0 = Debug|Any CPU
		{963831BB-132A-468F-8FBB-33AB1D1C874C}.Release|Any CPU.ActiveCfg = Release|Any CPU
		{963831BB-132A-468F-8FBB-33AB1D1C874C}.Release|Any CPU.Build.0 = Release|Any CPU
	EndGlobalSection
	GlobalSection(SolutionProperties) = preSolution
		HideSolutionNode = FALSE
	EndGlobalSection
	GlobalSection(ExtensibilityGlobals) = postSolution
		SolutionGuid = {AD7679FF-7F9F-47D8-9B57-5A10B0266A4C}
	EndGlobalSection
EndGlobal
