
Microsoft Visual Studio Solution File, Format Version 12.00
# Visual Studio Version 16
VisualStudioVersion = 16.0.29009.5
MinimumVisualStudioVersion = 10.0.40219.1
Project("{F184B08F-C81C-45F6-A57F-5ABD9991F28F}") = "ConsoleApp1", "ConsoleApp1.vbproj", "{01854584-86B0-4B5A-945B-224533C0E0AF}"
EndProject
Global
	GlobalSection(SolutionConfigurationPlatforms) = preSolution
		Debug|Any CPU = Debug|Any CPU
		Release|Any CPU = Release|Any CPU
	EndGlobalSection
	GlobalSection(ProjectConfigurationPlatforms) = postSolution
		{01854584-86B0-4B5A-945B-224533C0E0AF}.Debug|Any CPU.ActiveCfg = Debug|Any CPU
		{01854584-86B0-4B5A-945B-224533C0E0AF}.Debug|Any CPU.Build.0 = Debug|Any CPU
		{01854584-86B0-4B5A-945B-224533C0E0AF}.Release|Any CPU.ActiveCfg = Release|Any CPU
		{01854584-86B0-4B5A-945B-224533C0E0AF}.Release|Any CPU.Build.0 = Release|Any CPU
	EndGlobalSection
	GlobalSection(SolutionProperties) = preSolution
		HideSolutionNode = FALSE
	EndGlobalSection
	GlobalSection(ExtensibilityGlobals) = postSolution
		SolutionGuid = {26BAE9D5-DB1F-4D4F-AE21-0A0D17959F3C}
	EndGlobalSection
EndGlobal
