
Microsoft Visual Studio Solution File, Format Version 12.00
# Visual Studio Version 16
VisualStudioVersion = 16.0.29009.5
MinimumVisualStudioVersion = 10.0.40219.1
Project("{F184B08F-C81C-45F6-A57F-5ABD9991F28F}") = "ConsoleApp1", "ConsoleApp1.vbproj", "{102E3AA7-6670-47FF-9EA1-20B36C9CC75F}"
EndProject
Global
	GlobalSection(SolutionConfigurationPlatforms) = preSolution
		Debug|Any CPU = Debug|Any CPU
		Release|Any CPU = Release|Any CPU
	EndGlobalSection
	GlobalSection(ProjectConfigurationPlatforms) = postSolution
		{102E3AA7-6670-47FF-9EA1-20B36C9CC75F}.Debug|Any CPU.ActiveCfg = Debug|Any CPU
		{102E3AA7-6670-47FF-9EA1-20B36C9CC75F}.Debug|Any CPU.Build.0 = Debug|Any CPU
		{102E3AA7-6670-47FF-9EA1-20B36C9CC75F}.Release|Any CPU.ActiveCfg = Release|Any CPU
		{102E3AA7-6670-47FF-9EA1-20B36C9CC75F}.Release|Any CPU.Build.0 = Release|Any CPU
	EndGlobalSection
	GlobalSection(SolutionProperties) = preSolution
		HideSolutionNode = FALSE
	EndGlobalSection
	GlobalSection(ExtensibilityGlobals) = postSolution
		SolutionGuid = {B0D3216D-77E7-40EC-B4FD-3213666F9EB9}
	EndGlobalSection
EndGlobal
