
Microsoft Visual Studio Solution File, Format Version 12.00
# Visual Studio Version 16
VisualStudioVersion = 16.0.29009.5
MinimumVisualStudioVersion = 10.0.40219.1
Project("{F184B08F-C81C-45F6-A57F-5ABD9991F28F}") = "ConsoleApp1", "ConsoleApp1.vbproj", "{78C156F3-3C55-45D5-94F6-2A170D55877C}"
EndProject
Global
	GlobalSection(SolutionConfigurationPlatforms) = preSolution
		Debug|Any CPU = Debug|Any CPU
		Release|Any CPU = Release|Any CPU
	EndGlobalSection
	GlobalSection(ProjectConfigurationPlatforms) = postSolution
		{78C156F3-3C55-45D5-94F6-2A170D55877C}.Debug|Any CPU.ActiveCfg = Debug|Any CPU
		{78C156F3-3C55-45D5-94F6-2A170D55877C}.Debug|Any CPU.Build.0 = Debug|Any CPU
		{78C156F3-3C55-45D5-94F6-2A170D55877C}.Release|Any CPU.ActiveCfg = Release|Any CPU
		{78C156F3-3C55-45D5-94F6-2A170D55877C}.Release|Any CPU.Build.0 = Release|Any CPU
	EndGlobalSection
	GlobalSection(SolutionProperties) = preSolution
		HideSolutionNode = FALSE
	EndGlobalSection
	GlobalSection(ExtensibilityGlobals) = postSolution
		SolutionGuid = {567CF1FA-D87B-4426-BF59-C564DA593C62}
	EndGlobalSection
EndGlobal
